
Microsoft Visual Studio Solution File, Format Version 12.00
# Visual Studio 14
VisualStudioVersion = 14.0.25420.1
MinimumVisualStudioVersion = 10.0.40219.1
Project("{FAE04EC0-301F-11D3-BF4B-00C04F79EFBC}") = "TextViewerSample1", "TextViewerSample1\TextViewerSample1.csproj", "{782E2FCC-090D-430F-BD4A-D1E87C6E2831}"
EndProject
Project("{FAE04EC0-301F-11D3-BF4B-00C04F79EFBC}") = "Net.FreeORM.TextView", "Net.FreeORM.TextView\Net.FreeORM.TextView.csproj", "{2DDED8F1-ED2C-4F9F-A48A-7D41287B53C9}"
EndProject
Global
	GlobalSection(SolutionConfigurationPlatforms) = preSolution
		Debug|Any CPU = Debug|Any CPU
		Release|Any CPU = Release|Any CPU
	EndGlobalSection
	GlobalSection(ProjectConfigurationPlatforms) = postSolution
		{782E2FCC-090D-430F-BD4A-D1E87C6E2831}.Debug|Any CPU.ActiveCfg = Debug|Any CPU
		{782E2FCC-090D-430F-BD4A-D1E87C6E2831}.Debug|Any CPU.Build.0 = Debug|Any CPU
		{782E2FCC-090D-430F-BD4A-D1E87C6E2831}.Release|Any CPU.ActiveCfg = Release|Any CPU
		{782E2FCC-090D-430F-BD4A-D1E87C6E2831}.Release|Any CPU.Build.0 = Release|Any CPU
		{2DDED8F1-ED2C-4F9F-A48A-7D41287B53C9}.Debug|Any CPU.ActiveCfg = Debug|Any CPU
		{2DDED8F1-ED2C-4F9F-A48A-7D41287B53C9}.Debug|Any CPU.Build.0 = Debug|Any CPU
		{2DDED8F1-ED2C-4F9F-A48A-7D41287B53C9}.Release|Any CPU.ActiveCfg = Release|Any CPU
		{2DDED8F1-ED2C-4F9F-A48A-7D41287B53C9}.Release|Any CPU.Build.0 = Release|Any CPU
	EndGlobalSection
	GlobalSection(SolutionProperties) = preSolution
		HideSolutionNode = FALSE
	EndGlobalSection
EndGlobal
